{
  "name": "kousyakann-mosi-kannri",
  "version": "0.1.0",
  "lockfileVersion": 3,
  "requires": true,
  "packages": {
    "": {
      "name": "kousyakann-mosi-kannri",
      "version": "0.1.0",
      "workspaces": [
        "packages/*",
        "packages/parsers/*"
      ],
      "devDependencies": {
        "typescript": "5.9.3"
      },
      "engines": {
        "node": ">=22.18.0 <23"
      }
    },
    "node_modules/@kousyakann-mosi-kannri/analytics-contracts": {
      "resolved": "packages/analytics-contracts",
      "link": true
    },
    "node_modules/@kousyakann-mosi-kannri/audit-contracts": {
      "resolved": "packages/audit-contracts",
      "link": true
    },
    "node_modules/@kousyakann-mosi-kannri/auth-contracts": {
      "resolved": "packages/auth-contracts",
      "link": true
    },
    "node_modules/@kousyakann-mosi-kannri/contracts": {
      "resolved": "packages/contracts",
      "link": true
    },
    "node_modules/@kousyakann-mosi-kannri/export-contracts": {
      "resolved": "packages/export-contracts",
      "link": true
    },
    "node_modules/@kousyakann-mosi-kannri/frontend-prototype": {
      "resolved": "packages/frontend-prototype",
      "link": true
    },
    "node_modules/@kousyakann-mosi-kannri/parser-core": {
      "resolved": "packages/parsers/core",
      "link": true
    },
    "node_modules/@kousyakann-mosi-kannri/parser-kawai": {
      "resolved": "packages/parsers/kawai",
      "link": true
    },
    "node_modules/@kousyakann-mosi-kannri/payload-codec": {
      "resolved": "packages/payload-codec",
      "link": true
    },
    "node_modules/@kousyakann-mosi-kannri/sheet-benchmark": {
      "resolved": "packages/sheet-benchmark",
      "link": true
    },
    "node_modules/@kousyakann-mosi-kannri/storage-contracts": {
      "resolved": "packages/storage-contracts",
      "link": true
    },
    "node_modules/@kousyakann-mosi-kannri/test-fixtures": {
      "resolved": "packages/test-fixtures",
      "link": true
    },
    "node_modules/@kousyakann-mosi-kannri/transport-contracts": {
      "resolved": "packages/transport-contracts",
      "link": true
    },
    "node_modules/typescript": {
      "version": "5.9.3",
      "resolved": "https://registry.npmjs.org/typescript/-/typescript-5.9.3.tgz",
      "integrity": "sha512-jl1vZzPDinLr9eUt3J/t7V6FgNEw9QjvBPdysz9KfQDD41fQrC2Y4vKQdiaUpFT4bXlb1RHhLpp8wtm6M5TgSw==",
      "dev": true,
      "license": "Apache-2.0",
      "bin": {
        "tsc": "bin/tsc",
        "tsserver": "bin/tsserver"
      },
      "engines": {
        "node": ">=14.17"
      }
    },
    "packages/analytics-contracts": {
      "name": "@kousyakann-mosi-kannri/analytics-contracts",
      "version": "0.5.0"
    },
    "packages/audit-contracts": {
      "name": "@kousyakann-mosi-kannri/audit-contracts",
      "version": "0.1.0"
    },
    "packages/auth-contracts": {
      "name": "@kousyakann-mosi-kannri/auth-contracts",
      "version": "0.2.0"
    },
    "packages/contracts": {
      "name": "@kousyakann-mosi-kannri/contracts",
      "version": "0.1.0"
    },
    "packages/export-contracts": {
      "name": "@kousyakann-mosi-kannri/export-contracts",
      "version": "0.2.0"
    },
    "packages/frontend-prototype": {
      "name": "@kousyakann-mosi-kannri/frontend-prototype",
      "version": "0.5.0"
    },
    "packages/parsers/core": {
      "name": "@kousyakann-mosi-kannri/parser-core",
      "version": "0.1.0"
    },
    "packages/parsers/kawai": {
      "name": "@kousyakann-mosi-kannri/parser-kawai",
      "version": "0.6.0"
    },
    "packages/payload-codec": {
      "name": "@kousyakann-mosi-kannri/payload-codec",
      "version": "0.2.0"
    },
    "packages/sheet-benchmark": {
      "name": "@kousyakann-mosi-kannri/sheet-benchmark",
      "version": "0.1.0"
    },
    "packages/storage-contracts": {
      "name": "@kousyakann-mosi-kannri/storage-contracts",
      "version": "0.1.0"
    },
    "packages/test-fixtures": {
      "name": "@kousyakann-mosi-kannri/test-fixtures",
      "version": "0.1.0"
    },
    "packages/transport-contracts": {
      "name": "@kousyakann-mosi-kannri/transport-contracts",
      "version": "0.1.0"
    }
  }
}
